
Microsoft Visual Studio Solution File, Format Version 12.00
# Visual Studio 15
VisualStudioVersion = 15.0.28010.2003
MinimumVisualStudioVersion = 10.0.40219.1
Project("{FAE04EC0-301F-11D3-BF4B-00C04F79EFBC}") = "Week2", "Week2\Week2.csproj", "{7A406D93-14FE-4CBA-B2A3-27C56DB104A5}"
EndProject
Global
	GlobalSection(SolutionConfigurationPlatforms) = preSolution
		Debug|Any CPU = Debug|Any CPU
		Release|Any CPU = Release|Any CPU
	EndGlobalSection
	GlobalSection(ProjectConfigurationPlatforms) = postSolution
		{7A406D93-14FE-4CBA-B2A3-27C56DB104A5}.Debug|Any CPU.ActiveCfg = Debug|Any CPU
		{7A406D93-14FE-4CBA-B2A3-27C56DB104A5}.Debug|Any CPU.Build.0 = Debug|Any CPU
		{7A406D93-14FE-4CBA-B2A3-27C56DB104A5}.Release|Any CPU.ActiveCfg = Release|Any CPU
		{7A406D93-14FE-4CBA-B2A3-27C56DB104A5}.Release|Any CPU.Build.0 = Release|Any CPU
	EndGlobalSection
	GlobalSection(SolutionProperties) = preSolution
		HideSolutionNode = FALSE
	EndGlobalSection
	GlobalSection(ExtensibilityGlobals) = postSolution
		SolutionGuid = {E9F2FD75-5395-467C-9E2A-B562C174613A}
	EndGlobalSection
EndGlobal
