
Microsoft Visual Studio Solution File, Format Version 12.00
# Visual Studio 15
VisualStudioVersion = 15.0.28010.2003
MinimumVisualStudioVersion = 10.0.40219.1
Project("{FAE04EC0-301F-11D3-BF4B-00C04F79EFBC}") = "29082561_Ex1", "29082561_Ex1\29082561_Ex1.csproj", "{644B6A98-571B-44D5-B7A4-A92EFBCBFE9A}"
EndProject
Global
	GlobalSection(SolutionConfigurationPlatforms) = preSolution
		Debug|Any CPU = Debug|Any CPU
		Release|Any CPU = Release|Any CPU
	EndGlobalSection
	GlobalSection(ProjectConfigurationPlatforms) = postSolution
		{644B6A98-571B-44D5-B7A4-A92EFBCBFE9A}.Debug|Any CPU.ActiveCfg = Debug|Any CPU
		{644B6A98-571B-44D5-B7A4-A92EFBCBFE9A}.Debug|Any CPU.Build.0 = Debug|Any CPU
		{644B6A98-571B-44D5-B7A4-A92EFBCBFE9A}.Release|Any CPU.ActiveCfg = Release|Any CPU
		{644B6A98-571B-44D5-B7A4-A92EFBCBFE9A}.Release|Any CPU.Build.0 = Release|Any CPU
	EndGlobalSection
	GlobalSection(SolutionProperties) = preSolution
		HideSolutionNode = FALSE
	EndGlobalSection
	GlobalSection(ExtensibilityGlobals) = postSolution
		SolutionGuid = {5B4E583A-4D64-4BB0-9F70-5CA529AA93CC}
	EndGlobalSection
EndGlobal
